// !$*UTF8*$!
{
	archiveVersion = 1;
	classes = {
	};
	objectVersion = 50;
	objects = {

/* Begin PBXBuildFile section */
		681D989F211997A500944980 /* CategoryViewController.swift in Sources */ = {isa = PBXBuildFile; fileRef = 681D989E211997A500944980 /* CategoryViewController.swift */; };
		682E99A22114892300DFA775 /* DataModel.xcdatamodeld in Sources */ = {isa = PBXBuildFile; fileRef = 682E99A02114892300DFA775 /* DataModel.xcdatamodeld */; };
		683DA10F210E13F2003F786F /* AppDelegate.swift in Sources */ = {isa = PBXBuildFile; fileRef = 683DA10E210E13F2003F786F /* AppDelegate.swift */; };
		683DA111210E13F2003F786F /* ToDoListViewController.swift in Sources */ = {isa = PBXBuildFile; fileRef = 683DA110210E13F2003F786F /* ToDoListViewController.swift */; };
		683DA114210E13F2003F786F /* Main.storyboard in Resources */ = {isa = PBXBuildFile; fileRef = 683DA112210E13F2003F786F /* Main.storyboard */; };
		683DA116210E13F4003F786F /* Assets.xcassets in Resources */ = {isa = PBXBuildFile; fileRef = 683DA115210E13F4003F786F /* Assets.xcassets */; };
		683DA119210E13F4003F786F /* LaunchScreen.storyboard in Resources */ = {isa = PBXBuildFile; fileRef = 683DA117210E13F4003F786F /* LaunchScreen.storyboard */; };
/* End PBXBuildFile section */

/* Begin PBXFileReference section */
		681D989E211997A500944980 /* CategoryViewController.swift */ = {isa = PBXFileReference; lastKnownFileType = sourcecode.swift; path = CategoryViewController.swift; sourceTree = "<group>"; };
		682E99A12114892300DFA775 /* DataModel.xcdatamodel */ = {isa = PBXFileReference; lastKnownFileType = wrapper.xcdatamodel; path = DataModel.xcdatamodel; sourceTree = "<group>"; };
		683DA10B210E13F2003F786F /* Todoey.app */ = {isa = PBXFileReference; explicitFileType = wrapper.application; includeInIndex = 0; path = Todoey.app; sourceTree = BUILT_PRODUCTS_DIR; };
		683DA10E210E13F2003F786F /* AppDelegate.swift */ = {isa = PBXFileReference; lastKnownFileType = sourcecode.swift; path = AppDelegate.swift; sourceTree = "<group>"; };
		683DA110210E13F2003F786F /* ToDoListViewController.swift */ = {isa = PBXFileReference; lastKnownFileType = sourcecode.swift; path = ToDoListViewController.swift; sourceTree = "<group>"; };
		683DA113210E13F2003F786F /* Base */ = {isa = PBXFileReference; lastKnownFileType = file.storyboard; name = Base; path = Base.lproj/Main.storyboard; sourceTree = "<group>"; };
		683DA115210E13F4003F786F /* Assets.xcassets */ = {isa = PBXFileReference; lastKnownFileType = folder.assetcatalog; path = Assets.xcassets; sourceTree = "<group>"; };
		683DA118210E13F4003F786F /* Base */ = {isa = PBXFileReference; lastKnownFileType = file.storyboard; name = Base; path = Base.lproj/LaunchScreen.storyboard; sourceTree = "<group>"; };
		683DA11A210E13F4003F786F /* Info.plist */ = {isa = PBXFileReference; lastKnownFileType = text.plist.xml; path = Info.plist; sourceTree = "<group>"; };
/* End PBXFileReference section */

/* Begin PBXFrameworksBuildPhase section */
		683DA108210E13F2003F786F /* Frameworks */ = {
			isa = PBXFrameworksBuildPhase;
			buildActionMask = 2147483647;
			files = (
			);
			runOnlyForDeploymentPostprocessing = 0;
		};
/* End PBXFrameworksBuildPhase section */

/* Begin PBXGroup section */
		683DA102210E13F2003F786F = {
			isa = PBXGroup;
			children = (
				683DA10D210E13F2003F786F /* Todoey */,
				683DA10C210E13F2003F786F /* Products */,
			);
			sourceTree = "<group>";
		};
		683DA10C210E13F2003F786F /* Products */ = {
			isa = PBXGroup;
			children = (
				683DA10B210E13F2003F786F /* Todoey.app */,
			);
			name = Products;
			sourceTree = "<group>";
		};
		683DA10D210E13F2003F786F /* Todoey */ = {
			isa = PBXGroup;
			children = (
				683DA10E210E13F2003F786F /* AppDelegate.swift */,
				6869921721116D80006FA753 /* Controllers */,
				6869921821116D8F006FA753 /* Model */,
				6869921921116D9E006FA753 /* Views */,
				6869921A21116DB0006FA753 /* Supporting Files */,
				683DA11A210E13F4003F786F /* Info.plist */,
			);
			path = Todoey;
			sourceTree = "<group>";
		};
		6869921721116D80006FA753 /* Controllers */ = {
			isa = PBXGroup;
			children = (
				681D989E211997A500944980 /* CategoryViewController.swift */,
				683DA110210E13F2003F786F /* ToDoListViewController.swift */,
			);
			path = Controllers;
			sourceTree = "<group>";
		};
		6869921821116D8F006FA753 /* Model */ = {
			isa = PBXGroup;
			children = (
				682E99A02114892300DFA775 /* DataModel.xcdatamodeld */,
			);
			path = Model;
			sourceTree = "<group>";
		};
		6869921921116D9E006FA753 /* Views */ = {
			isa = PBXGroup;
			children = (
				683DA112210E13F2003F786F /* Main.storyboard */,
			);
			path = Views;
			sourceTree = "<group>";
		};
		6869921A21116DB0006FA753 /* Supporting Files */ = {
			isa = PBXGroup;
			children = (
				683DA115210E13F4003F786F /* Assets.xcassets */,
				683DA117210E13F4003F786F /* LaunchScreen.storyboard */,
			);
			path = "Supporting Files";
			sourceTree = "<group>";
		};
/* End PBXGroup section */

/* Begin PBXNativeTarget section */
		683DA10A210E13F2003F786F /* Todoey */ = {
			isa = PBXNativeTarget;
			buildConfigurationList = 683DA11D210E13F4003F786F /* Build configuration list for PBXNativeTarget "Todoey" */;
			buildPhases = (
				683DA107210E13F2003F786F /* Sources */,
				683DA108210E13F2003F786F /* Frameworks */,
				683DA109210E13F2003F786F /* Resources */,
			);
			buildRules = (
			);
			dependencies = (
			);
			name = Todoey;
			productName = Todoey;
			productReference = 683DA10B210E13F2003F786F /* Todoey.app */;
			productType = "com.apple.product-type.application";
		};
/* End PBXNativeTarget section */

/* Begin PBXProject section */
		683DA103210E13F2003F786F /* Project object */ = {
			isa = PBXProject;
			attributes = {
				LastSwiftUpdateCheck = 0940;
				LastUpgradeCheck = 0940;
				ORGANIZATIONNAME = "Ron Yi";
				TargetAttributes = {
					683DA10A210E13F2003F786F = {
						CreatedOnToolsVersion = 9.4.1;
					};
				};
			};
			buildConfigurationList = 683DA106210E13F2003F786F /* Build configuration list for PBXProject "Todoey" */;
			compatibilityVersion = "Xcode 9.3";
			developmentRegion = en;
			hasScannedForEncodings = 0;
			knownRegions = (
				en,
				Base,
			);
			mainGroup = 683DA102210E13F2003F786F;
			productRefGroup = 683DA10C210E13F2003F786F /* Products */;
			projectDirPath = "";
			projectRoot = "";
			targets = (
				683DA10A210E13F2003F786F /* Todoey */,
			);
		};
/* End PBXProject section */

/* Begin PBXResourcesBuildPhase section */
		683DA109210E13F2003F786F /* Resources */ = {
			isa = PBXResourcesBuildPhase;
			buildActionMask = 2147483647;
			files = (
				683DA119210E13F4003F786F /* LaunchScreen.storyboard in Resources */,
				683DA116210E13F4003F786F /* Assets.xcassets in Resources */,
				683DA114210E13F2003F786F /* Main.storyboard in Resources */,
			);
			runOnlyForDeploymentPostprocessing = 0;
		};
/* End PBXResourcesBuildPhase section */

/* Begin PBXSourcesBuildPhase section */
		683DA107210E13F2003F786F /* Sources */ = {
			isa = PBXSourcesBuildPhase;
			buildActionMask = 2147483647;
			files = (
				681D989F211997A500944980 /* CategoryViewController.swift in Sources */,
				683DA111210E13F2003F786F /* ToDoListViewController.swift in Sources */,
				682E99A22114892300DFA775 /* DataModel.xcdatamodeld in Sources */,
				683DA10F210E13F2003F786F /* AppDelegate.swift in Sources */,
			);
			runOnlyForDeploymentPostprocessing = 0;
		};
/* End PBXSourcesBuildPhase section */

/* Begin PBXVariantGroup section */
		683DA112210E13F2003F786F /* Main.storyboard */ = {
			isa = PBXVariantGroup;
			children = (
				683DA113210E13F2003F786F /* Base */,
			);
			name = Main.storyboard;
			sourceTree = "<group>";
		};
		683DA117210E13F4003F786F /* LaunchScreen.storyboard */ = {
			isa = PBXVariantGroup;
			children = (
				683DA118210E13F4003F786F /* Base */,
			);
			name = LaunchScreen.storyboard;
			sourceTree = "<group>";
		};
/* End PBXVariantGroup section */

/* Begin XCBuildConfiguration section */
		683DA11B210E13F4003F786F /* Debug */ = {
			isa = XCBuildConfiguration;
			buildSettings = {
				ALWAYS_SEARCH_USER_PATHS = NO;
				CLANG_ANALYZER_NONNULL = YES;
				CLANG_ANALYZER_NUMBER_OBJECT_CONVERSION = YES_AGGRESSIVE;
				CLANG_CXX_LANGUAGE_STANDARD = "gnu++14";
				CLANG_CXX_LIBRARY = "libc++";
				CLANG_ENABLE_MODULES = YES;
				CLANG_ENABLE_OBJC_ARC = YES;
				CLANG_ENABLE_OBJC_WEAK = YES;
				CLANG_WARN_BLOCK_CAPTURE_AUTORELEASING = YES;
				CLANG_WARN_BOOL_CONVERSION = YES;
				CLANG_WARN_COMMA = YES;
				CLANG_WARN_CONSTANT_CONVERSION = YES;
				CLANG_WARN_DEPRECATED_OBJC_IMPLEMENTATIONS = YES;
				CLANG_WARN_DIRECT_OBJC_ISA_USAGE = YES_ERROR;
				CLANG_WARN_DOCUMENTATION_COMMENTS = YES;
				CLANG_WARN_EMPTY_BODY = YES;
				CLANG_WARN_ENUM_CONVERSION = YES;
				CLANG_WARN_INFINITE_RECURSION = YES;
				CLANG_WARN_INT_CONVERSION = YES;
				CLANG_WARN_NON_LITERAL_NULL_CONVERSION = YES;
				CLANG_WARN_OBJC_IMPLICIT_RETAIN_SELF = YES;
				CLANG_WARN_OBJC_LITERAL_CONVERSION = YES;
				CLANG_WARN_OBJC_ROOT_CLASS = YES_ERROR;
				CLANG_WARN_RANGE_LOOP_ANALYSIS = YES;
				CLANG_WARN_STRICT_PROTOTYPES = YES;
				CLANG_WARN_SUSPICIOUS_MOVE = YES;
				CLANG_WARN_UNGUARDED_AVAILABILITY = YES_AGGRESSIVE;
				CLANG_WARN_UNREACHABLE_CODE = YES;
				CLANG_WARN__DUPLICATE_METHOD_MATCH = YES;
				CODE_SIGN_IDENTITY = "iPhone Developer";
				COPY_PHASE_STRIP = NO;
				DEBUG_INFORMATION_FORMAT = dwarf;
				ENABLE_STRICT_OBJC_MSGSEND = YES;
				ENABLE_TESTABILITY = YES;
				GCC_C_LANGUAGE_STANDARD = gnu11;
				GCC_DYNAMIC_NO_PIC = NO;
				GCC_NO_COMMON_BLOCKS = YES;
				GCC_OPTIMIZATION_LEVEL = 0;
				GCC_PREPROCESSOR_DEFINITIONS = (
					"DEBUG=1",
					"$(inherited)",
				);
				GCC_WARN_64_TO_32_BIT_CONVERSION = YES;
				GCC_WARN_ABOUT_RETURN_TYPE = YES_ERROR;
				GCC_WARN_UNDECLARED_SELECTOR = YES;
				GCC_WARN_UNINITIALIZED_AUTOS = YES_AGGRESSIVE;
				GCC_WARN_UNUSED_FUNCTION = YES;
				GCC_WARN_UNUSED_VARIABLE = YES;
				IPHONEOS_DEPLOYMENT_TARGET = 11.4;
				MTL_ENABLE_DEBUG_INFO = YES;
				ONLY_ACTIVE_ARCH = YES;
				SDKROOT = iphoneos;
				SWIFT_ACTIVE_COMPILATION_CONDITIONS = DEBUG;
				SWIFT_OPTIMIZATION_LEVEL = "-Onone";
			};
			name = Debug;
		};
		683DA11C210E13F4003F786F /* Release */ = {
			isa = XCBuildConfiguration;
			buildSettings = {
				ALWAYS_SEARCH_USER_PATHS = NO;
				CLANG_ANALYZER_NONNULL = YES;
				CLANG_ANALYZER_NUMBER_OBJECT_CONVERSION = YES_AGGRESSIVE;
				CLANG_CXX_LANGUAGE_STANDARD = "gnu++14";
				CLANG_CXX_LIBRARY = "libc++";
				CLANG_ENABLE_MODULES = YES;
				CLANG_ENABLE_OBJC_ARC = YES;
				CLANG_ENABLE_OBJC_WEAK = YES;
				CLANG_WARN_BLOCK_CAPTURE_AUTORELEASING = YES;
				CLANG_WARN_BOOL_CONVERSION = YES;
				CLANG_WARN_COMMA = YES;
				CLANG_WARN_CONSTANT_CONVERSION = YES;
				CLANG_WARN_DEPRECATED_OBJC_IMPLEMENTATIONS = YES;
				CLANG_WARN_DIRECT_OBJC_ISA_USAGE = YES_ERROR;
				CLANG_WARN_DOCUMENTATION_COMMENTS = YES;
				CLANG_WARN_EMPTY_BODY = YES;
				CLANG_WARN_ENUM_CONVERSION = YES;
				CLANG_WARN_INFINITE_RECURSION = YES;
				CLANG_WARN_INT_CONVERSION = YES;
				CLANG_WARN_NON_LITERAL_NULL_CONVERSION = YES;
				CLANG_WARN_OBJC_IMPLICIT_RETAIN_SELF = YES;
				CLANG_WARN_OBJC_LITERAL_CONVERSION = YES;
				CLANG_WARN_OBJC_ROOT_CLASS = YES_ERROR;
				CLANG_WARN_RANGE_LOOP_ANALYSIS = YES;
				CLANG_WARN_STRICT_PROTOTYPES = YES;
				CLANG_WARN_SUSPICIOUS_MOVE = YES;
				CLANG_WARN_UNGUARDED_AVAILABILITY = YES_AGGRESSIVE;
				CLANG_WARN_UNREACHABLE_CODE = YES;
				CLANG_WARN__DUPLICATE_METHOD_MATCH = YES;
				CODE_SIGN_IDENTITY = "iPhone Developer";
				COPY_PHASE_STRIP = NO;
				DEBUG_INFORMATION_FORMAT = "dwarf-with-dsym";
				ENABLE_NS_ASSERTIONS = NO;
				ENABLE_STRICT_OBJC_MSGSEND = YES;
				GCC_C_LANGUAGE_STANDARD = gnu11;
				GCC_NO_COMMON_BLOCKS = YES;
				GCC_WARN_64_TO_32_BIT_CONVERSION = YES;
				GCC_WARN_ABOUT_RETURN_TYPE = YES_ERROR;
				GCC_WARN_UNDECLARED_SELECTOR = YES;
				GCC_WARN_UNINITIALIZED_AUTOS = YES_AGGRESSIVE;
				GCC_WARN_UNUSED_FUNCTION = YES;
				GCC_WARN_UNUSED_VARIABLE = YES;
				IPHONEOS_DEPLOYMENT_TARGET = 11.4;
				MTL_ENABLE_DEBUG_INFO = NO;
				SDKROOT = iphoneos;
				SWIFT_COMPILATION_MODE = wholemodule;
				SWIFT_OPTIMIZATION_LEVEL = "-O";
				VALIDATE_PRODUCT = YES;
			};
			name = Release;
		};
		683DA11E210E13F4003F786F /* Debug */ = {
			isa = XCBuildConfiguration;
			buildSettings = {
				ASSETCATALOG_COMPILER_APPICON_NAME = AppIcon;
				CODE_SIGN_STYLE = Automatic;
				DEVELOPMENT_TEAM = CK2N9YKQ3S;
				INFOPLIST_FILE = Todoey/Info.plist;
				IPHONEOS_DEPLOYMENT_TARGET = 11.3;
				LD_RUNPATH_SEARCH_PATHS = (
					"$(inherited)",
					"@executable_path/Frameworks",
				);
				PRODUCT_BUNDLE_IDENTIFIER = com.YiRon.Todoey;
				PRODUCT_NAME = "$(TARGET_NAME)";
				SWIFT_VERSION = 4.0;
				TARGETED_DEVICE_FAMILY = "1,2";
			};
			name = Debug;
		};
		683DA11F210E13F4003F786F /* Release */ = {
			isa = XCBuildConfiguration;
			buildSettings = {
				ASSETCATALOG_COMPILER_APPICON_NAME = AppIcon;
				CODE_SIGN_STYLE = Automatic;
				DEVELOPMENT_TEAM = CK2N9YKQ3S;
				INFOPLIST_FILE = Todoey/Info.plist;
				IPHONEOS_DEPLOYMENT_TARGET = 11.3;
				LD_RUNPATH_SEARCH_PATHS = (
					"$(inherited)",
					"@executable_path/Frameworks",
				);
				PRODUCT_BUNDLE_IDENTIFIER = com.YiRon.Todoey;
				PRODUCT_NAME = "$(TARGET_NAME)";
				SWIFT_VERSION = 4.0;
				TARGETED_DEVICE_FAMILY = "1,2";
			};
			name = Release;
		};
/* End XCBuildConfiguration section */

/* Begin XCConfigurationList section */
		683DA106210E13F2003F786F /* Build configuration list for PBXProject "Todoey" */ = {
			isa = XCConfigurationList;
			buildConfigurations = (
				683DA11B210E13F4003F786F /* Debug */,
				683DA11C210E13F4003F786F /* Release */,
			);
			defaultConfigurationIsVisible = 0;
			defaultConfigurationName = Release;
		};
		683DA11D210E13F4003F786F /* Build configuration list for PBXNativeTarget "Todoey" */ = {
			isa = XCConfigurationList;
			buildConfigurations = (
				683DA11E210E13F4003F786F /* Debug */,
				683DA11F210E13F4003F786F /* Release */,
			);
			defaultConfigurationIsVisible = 0;
			defaultConfigurationName = Release;
		};
/* End XCConfigurationList section */

/* Begin XCVersionGroup section */
		682E99A02114892300DFA775 /* DataModel.xcdatamodeld */ = {
			isa = XCVersionGroup;
			children = (
				682E99A12114892300DFA775 /* DataModel.xcdatamodel */,
			);
			currentVersion = 682E99A12114892300DFA775 /* DataModel.xcdatamodel */;
			path = DataModel.xcdatamodeld;
			sourceTree = "<group>";
			versionGroupType = wrapper.xcdatamodel;
		};
/* End XCVersionGroup section */
	};
	rootObject = 683DA103210E13F2003F786F /* Project object */;
}
